<?xml version="1.0" encoding="utf-8"?>
<Project ToolsVersion="4.0" xmlns="http://schemas.microsoft.com/developer/msbuild/2003">
  <ItemGroup>
    <Filter Include="Source Files">
      <UniqueIdentifier>{4FC737F1-C7A5-4376-A066-2A32D752A2FF}</UniqueIdentifier>
      <Extensions>cpp;c;cc;cxx;def;odl;idl;hpj;bat;asm;asmx</Extensions>
    </Filter>
    <Filter Include="Header Files">
      <UniqueIdentifier>{93995380-89BD-4b04-88EB-625FBE52EBFB}</UniqueIdentifier>
      <Extensions>h;hh;hpp;hxx;hm;inl;inc;xsd</Extensions>
    </Filter>
    <Filter Include="Resource Files">
      <UniqueIdentifier>{67DA6AB6-F800-4c08-8B7A-83BB121AAD01}</UniqueIdentifier>
      <Extensions>rc;ico;cur;bmp;dlg;rc2;rct;bin;rgs;gif;jpg;jpeg;jpe;resx;tiff;tif;png;wav;mfcribbon-ms</Extensions>
    </Filter>
    <Filter Include="Source Files\Tests">
      <UniqueIdentifier>{fbf4ec97-a2e3-4a93-abc8-71795f8ffdfd}</UniqueIdentifier>
    </Filter>
    <Filter Include="Source Files\Tests\Transformation">
      <UniqueIdentifier>{eb40a692-9f3f-45c8-afbc-e719ab83beb4}</UniqueIdentifier>
    </Filter>
    <Filter Include="Source Files\Tests\Processing">
      <UniqueIdentifier>{f0da3f55-85dc-4293-80b3-9c79cd4545e0}</UniqueIdentifier>
    </Filter>
    <Filter Include="Source Files\Tests\Execution">
      <UniqueIdentifier>{ae461276-ad2c-4826-bc75-359bb6df9d1c}</UniqueIdentifier>
    </Filter>
  </ItemGroup>
  <ItemGroup>
    <ClCompile Include="Set1Test.cpp">
      <Filter>Source Files\Tests\Transformation</Filter>
    </ClCompile>
    <ClCompile Include="Set2Test.cpp">
      <Filter>Source Files\Tests\Transformation</Filter>
    </ClCompile>
    <ClCompile Include="Set3Test.cpp">
      <Filter>Source Files\Tests\Transformation</Filter>
    </ClCompile>
    <ClCompile Include="TransformationTestUtils.cpp">
      <Filter>Source Files\Tests\Transformation</Filter>
    </ClCompile>
    <ClCompile Include="LexerTest.cpp">
      <Filter>Source Files\Tests\Processing</Filter>
    </ClCompile>
    <ClCompile Include="ParserTest.cpp">
      <Filter>Source Files\Tests\Processing</Filter>
    </ClCompile>
    <ClCompile Include="InstructionTest.cpp">
      <Filter>Source Files\Tests\Execution</Filter>
    </ClCompile>
  </ItemGroup>
  <ItemGroup>
    <ClInclude Include="TransformationTestUtils.h">
      <Filter>Source Files\Tests\Transformation</Filter>
    </ClInclude>
    <ClInclude Include="TestUtils.h">
      <Filter>Source Files\Tests</Filter>
    </ClInclude>
  </ItemGroup>
</Project>